
Microsoft Visual Studio Solution File, Format Version 12.00
# Visual Studio 15
VisualStudioVersion = 15.0.28307.572
MinimumVisualStudioVersion = 10.0.40219.1
Project("{FAE04EC0-301F-11D3-BF4B-00C04F79EFBC}") = "EFStoreProcedure", "EFStoreProcedure\EFStoreProcedure.csproj", "{B06E89E8-C6BF-4388-ACDF-1BF78C811119}"
EndProject
Global
	GlobalSection(SolutionConfigurationPlatforms) = preSolution
		Debug|Any CPU = Debug|Any CPU
		Release|Any CPU = Release|Any CPU
	EndGlobalSection
	GlobalSection(ProjectConfigurationPlatforms) = postSolution
		{B06E89E8-C6BF-4388-ACDF-1BF78C811119}.Debug|Any CPU.ActiveCfg = Debug|Any CPU
		{B06E89E8-C6BF-4388-ACDF-1BF78C811119}.Debug|Any CPU.Build.0 = Debug|Any CPU
		{B06E89E8-C6BF-4388-ACDF-1BF78C811119}.Release|Any CPU.ActiveCfg = Release|Any CPU
		{B06E89E8-C6BF-4388-ACDF-1BF78C811119}.Release|Any CPU.Build.0 = Release|Any CPU
	EndGlobalSection
	GlobalSection(SolutionProperties) = preSolution
		HideSolutionNode = FALSE
	EndGlobalSection
	GlobalSection(ExtensibilityGlobals) = postSolution
		SolutionGuid = {E12C1F49-D526-4705-9CF8-5D5BAD193024}
	EndGlobalSection
EndGlobal
